<?xml version="1.0" encoding="utf-8"?>
<Project ToolsVersion="4.0" xmlns="http://schemas.microsoft.com/developer/msbuild/2003">
  <ItemGroup>
    <Filter Include="Исходные файлы">
      <UniqueIdentifier>{4FC737F1-C7A5-4376-A066-2A32D752A2FF}</UniqueIdentifier>
      <Extensions>cpp;c;cc;cxx;c++;cppm;ixx;def;odl;idl;hpj;bat;asm;asmx</Extensions>
    </Filter>
    <Filter Include="Файлы заголовков">
      <UniqueIdentifier>{93995380-89BD-4b04-88EB-625FBE52EBFB}</UniqueIdentifier>
      <Extensions>h;hh;hpp;hxx;h++;hm;inl;inc;ipp;xsd</Extensions>
    </Filter>
    <Filter Include="Файлы ресурсов">
      <UniqueIdentifier>{67DA6AB6-F800-4c08-8B7A-83BB121AAD01}</UniqueIdentifier>
      <Extensions>rc;ico;cur;bmp;dlg;rc2;rct;bin;rgs;gif;jpg;jpeg;jpe;resx;tiff;tif;png;wav;mfcribbon-ms</Extensions>
    </Filter>
    <Filter Include="ImGui">
      <UniqueIdentifier>{a37836a9-25bc-440c-b3d5-0fa63cd89704}</UniqueIdentifier>
    </Filter>
    <Filter Include="Файлы заголовков\Pipeline">
      <UniqueIdentifier>{e6ddba4e-90cd-4201-a1fd-de8fe5a3c0e1}</UniqueIdentifier>
    </Filter>
    <Filter Include="Файлы заголовков\Items">
      <UniqueIdentifier>{a2d7a4fd-2584-4511-a357-e73868b44bb9}</UniqueIdentifier>
    </Filter>
    <Filter Include="Файлы заголовков\Devices">
      <UniqueIdentifier>{9a43bf03-4e8b-4221-8d3b-2061ec703b71}</UniqueIdentifier>
    </Filter>
    <Filter Include="Файлы заголовков\Items\Geometries">
      <UniqueIdentifier>{6d3a19ce-f289-42c7-a097-30130961ca4d}</UniqueIdentifier>
    </Filter>
    <Filter Include="Файлы заголовков\Interfaces">
      <UniqueIdentifier>{5a12d1a8-d329-462a-b1af-f2ef700bbb73}</UniqueIdentifier>
    </Filter>
    <Filter Include="Файлы заголовков\Deffered Rendering">
      <UniqueIdentifier>{914b862a-4446-4d69-a239-ca2e2d11e080}</UniqueIdentifier>
    </Filter>
    <Filter Include="Файлы заголовков\Windows">
      <UniqueIdentifier>{5a331809-642d-460a-b61b-dfd542eb760d}</UniqueIdentifier>
    </Filter>
    <Filter Include="Файлы заголовков\Pipeline\Shaders">
      <UniqueIdentifier>{231594a7-4118-4ce0-934a-b3fecb65bacb}</UniqueIdentifier>
    </Filter>
  </ItemGroup>
  <ItemGroup>
    <FxCompile Include="SolidPS.hlsl">
      <Filter>Файлы ресурсов</Filter>
    </FxCompile>
    <FxCompile Include="DefaultVS.hlsl">
      <Filter>Файлы ресурсов</Filter>
    </FxCompile>
    <FxCompile Include="GeometryTexturedVS.hlsl">
      <Filter>Файлы ресурсов</Filter>
    </FxCompile>
    <FxCompile Include="GeometryTexturedPS.hlsl">
      <Filter>Файлы ресурсов</Filter>
    </FxCompile>
    <FxCompile Include="SolidVS.hlsl">
      <Filter>Файлы ресурсов</Filter>
    </FxCompile>
    <FxCompile Include="GeometryPS.hlsl">
      <Filter>Файлы ресурсов</Filter>
    </FxCompile>
    <FxCompile Include="GeometryVS.hlsl">
      <Filter>Файлы ресурсов</Filter>
    </FxCompile>
    <FxCompile Include="LightComputeShader.hlsl">
      <Filter>Файлы ресурсов</Filter>
    </FxCompile>
    <FxCompile Include="ScreenSpaceVS.hlsl">
      <Filter>Файлы ресурсов</Filter>
    </FxCompile>
    <FxCompile Include="LightPS.hlsl">
      <Filter>Файлы ресурсов</Filter>
    </FxCompile>
    <FxCompile Include="CombinePS.hlsl">
      <Filter>Файлы ресурсов</Filter>
    </FxCompile>
  </ItemGroup>
  <ItemGroup>
    <ClCompile Include="Graphics.cpp">
      <Filter>Исходные файлы</Filter>
    </ClCompile>
    <ClCompile Include="Shift.cpp">
      <Filter>Исходные файлы</Filter>
    </ClCompile>
    <ClCompile Include="DirectXWindow.cpp">
      <Filter>Исходные файлы</Filter>
    </ClCompile>
    <ClCompile Include="DOK_assert.cpp">
      <Filter>Исходные файлы</Filter>
    </ClCompile>
    <ClCompile Include="Game.cpp">
      <Filter>Исходные файлы</Filter>
    </ClCompile>
    <ClCompile Include="Column.cpp">
      <Filter>Исходные файлы</Filter>
    </ClCompile>
    <ClCompile Include="ImGui\backend\imgui_impl_dx11.cpp">
      <Filter>ImGui</Filter>
    </ClCompile>
    <ClCompile Include="ImGui\backend\imgui_impl_win32.cpp">
      <Filter>ImGui</Filter>
    </ClCompile>
    <ClCompile Include="ImGui\imgui.cpp">
      <Filter>ImGui</Filter>
    </ClCompile>
    <ClCompile Include="ImGui\imgui_demo.cpp">
      <Filter>ImGui</Filter>
    </ClCompile>
    <ClCompile Include="ImGui\imgui_draw.cpp">
      <Filter>ImGui</Filter>
    </ClCompile>
    <ClCompile Include="ImGui\imgui_tables.cpp">
      <Filter>ImGui</Filter>
    </ClCompile>
    <ClCompile Include="ImGui\imgui_widgets.cpp">
      <Filter>ImGui</Filter>
    </ClCompile>
    <ClCompile Include="Histogramm.cpp">
      <Filter>Исходные файлы</Filter>
    </ClCompile>
    <ClCompile Include="PictureTexture.cpp">
      <Filter>Файлы заголовков\Pipeline</Filter>
    </ClCompile>
    <ClCompile Include="TransformBuffer.cpp">
      <Filter>Файлы заголовков\Pipeline</Filter>
    </ClCompile>
    <ClCompile Include="WICTextureLoader.cpp">
      <Filter>Файлы заголовков\Pipeline</Filter>
    </ClCompile>
    <ClCompile Include="Camera.cpp">
      <Filter>Исходные файлы</Filter>
    </ClCompile>
    <ClCompile Include="Mouse.cpp">
      <Filter>Файлы заголовков\Devices</Filter>
    </ClCompile>
    <ClCompile Include="DOK_DX11.cpp">
      <Filter>Исходные файлы</Filter>
    </ClCompile>
    <ClCompile Include="SolidBall.cpp">
      <Filter>Исходные файлы</Filter>
    </ClCompile>
    <ClCompile Include="SolidLightenedBall.cpp">
      <Filter>Исходные файлы</Filter>
    </ClCompile>
    <ClCompile Include="wWinMain.cpp">
      <Filter>Исходные файлы</Filter>
    </ClCompile>
    <ClCompile Include="StringHelper.cpp">
      <Filter>Исходные файлы</Filter>
    </ClCompile>
    <ClCompile Include="GraphicsChild.cpp">
      <Filter>Исходные файлы</Filter>
    </ClCompile>
    <ClCompile Include="PixelShader.cpp">
      <Filter>Файлы заголовков\Pipeline\Shaders</Filter>
    </ClCompile>
    <ClCompile Include="HullShader.cpp">
      <Filter>Файлы заголовков\Pipeline\Shaders</Filter>
    </ClCompile>
    <ClCompile Include="ComputeShader.cpp">
      <Filter>Файлы заголовков\Pipeline\Shaders</Filter>
    </ClCompile>
    <ClCompile Include="VertexShaderCommon.cpp">
      <Filter>Файлы заголовков\Pipeline\Shaders</Filter>
    </ClCompile>
    <ClCompile Include="PixelShaderCommon.cpp">
      <Filter>Файлы заголовков\Pipeline\Shaders</Filter>
    </ClCompile>
    <ClCompile Include="Blob.cpp">
      <Filter>Файлы заголовков\Pipeline</Filter>
    </ClCompile>
    <ClCompile Include="ColorBuffer.cpp">
      <Filter>Файлы заголовков\Pipeline</Filter>
    </ClCompile>
    <ClCompile Include="LightSource.cpp">
      <Filter>Файлы заголовков\Items</Filter>
    </ClCompile>
    <ClCompile Include="Sheet.cpp">
      <Filter>Исходные файлы</Filter>
    </ClCompile>
    <ClCompile Include="RenderTexture.cpp">
      <Filter>Исходные файлы</Filter>
    </ClCompile>
    <ClCompile Include="Sampler.cpp">
      <Filter>Файлы заголовков\Pipeline</Filter>
    </ClCompile>
    <ClCompile Include="PixelShaderTexture.cpp">
      <Filter>Исходные файлы</Filter>
    </ClCompile>
    <ClCompile Include="Bar.cpp">
      <Filter>Исходные файлы</Filter>
    </ClCompile>
  </ItemGroup>
  <ItemGroup>
    <ClInclude Include="Sorts.h">
      <Filter>Файлы заголовков</Filter>
    </ClInclude>
    <ClInclude Include="Exceptions.h">
      <Filter>Файлы заголовков</Filter>
    </ClInclude>
    <ClInclude Include="Graphics.h">
      <Filter>Файлы заголовков</Filter>
    </ClInclude>
    <ClInclude Include="Shift.h">
      <Filter>Файлы заголовков</Filter>
    </ClInclude>
    <ClInclude Include="DOK_assert.h">
      <Filter>Файлы заголовков</Filter>
    </ClInclude>
    <ClInclude Include="GenerateShuffledVector.h">
      <Filter>Файлы заголовков</Filter>
    </ClInclude>
    <ClInclude Include="Game.h">
      <Filter>Файлы заголовков</Filter>
    </ClInclude>
    <ClInclude Include="ImGui\backend\imgui_impl_dx11.h">
      <Filter>ImGui</Filter>
    </ClInclude>
    <ClInclude Include="ImGui\backend\imgui_impl_win32.h">
      <Filter>ImGui</Filter>
    </ClInclude>
    <ClInclude Include="ImGui\imconfig.h">
      <Filter>ImGui</Filter>
    </ClInclude>
    <ClInclude Include="ImGui\imgui.h">
      <Filter>ImGui</Filter>
    </ClInclude>
    <ClInclude Include="ImGui\imgui_internal.h">
      <Filter>ImGui</Filter>
    </ClInclude>
    <ClInclude Include="ImGui\imstb_rectpack.h">
      <Filter>ImGui</Filter>
    </ClInclude>
    <ClInclude Include="ImGui\imstb_textedit.h">
      <Filter>ImGui</Filter>
    </ClInclude>
    <ClInclude Include="ImGui\imstb_truetype.h">
      <Filter>ImGui</Filter>
    </ClInclude>
    <ClInclude Include="ImGuiManager.h">
      <Filter>ImGui</Filter>
    </ClInclude>
    <ClInclude Include="ConstantBuffer.h">
      <Filter>Файлы заголовков\Pipeline</Filter>
    </ClInclude>
    <ClInclude Include="DrawableBase.h">
      <Filter>Файлы заголовков\Pipeline</Filter>
    </ClInclude>
    <ClInclude Include="HPipelineElements.h">
      <Filter>Файлы заголовков\Pipeline</Filter>
    </ClInclude>
    <ClInclude Include="IndexBuffer.h">
      <Filter>Файлы заголовков\Pipeline</Filter>
    </ClInclude>
    <ClInclude Include="InputLayout.h">
      <Filter>Файлы заголовков\Pipeline</Filter>
    </ClInclude>
    <ClInclude Include="Drawable.h">
      <Filter>Файлы заголовков\Pipeline</Filter>
    </ClInclude>
    <ClInclude Include="PixelConstantBuffer.h">
      <Filter>Файлы заголовков\Pipeline</Filter>
    </ClInclude>
    <ClInclude Include="Sampler.h">
      <Filter>Файлы заголовков\Pipeline</Filter>
    </ClInclude>
    <ClInclude Include="PictureTexture.h">
      <Filter>Файлы заголовков\Pipeline</Filter>
    </ClInclude>
    <ClInclude Include="Topology.h">
      <Filter>Файлы заголовков\Pipeline</Filter>
    </ClInclude>
    <ClInclude Include="TransformBuffer.h">
      <Filter>Файлы заголовков\Pipeline</Filter>
    </ClInclude>
    <ClInclude Include="VertexBuffer.h">
      <Filter>Файлы заголовков\Pipeline</Filter>
    </ClInclude>
    <ClInclude Include="VertexConstantBuffer.h">
      <Filter>Файлы заголовков\Pipeline</Filter>
    </ClInclude>
    <ClInclude Include="WICTextureLoader.h">
      <Filter>Файлы заголовков\Pipeline</Filter>
    </ClInclude>
    <ClInclude Include="Column.h">
      <Filter>Файлы заголовков\Items</Filter>
    </ClInclude>
    <ClInclude Include="Histogramm.h">
      <Filter>Файлы заголовков\Items</Filter>
    </ClInclude>
    <ClInclude Include="Box.h">
      <Filter>Файлы заголовков\Items</Filter>
    </ClInclude>
    <ClInclude Include="Items.h">
      <Filter>Файлы заголовков\Items</Filter>
    </ClInclude>
    <ClInclude Include="RawInputDevices.h">
      <Filter>Файлы заголовков</Filter>
    </ClInclude>
    <ClInclude Include="Device.h">
      <Filter>Файлы заголовков\Devices</Filter>
    </ClInclude>
    <ClInclude Include="Keyboard.h">
      <Filter>Файлы заголовков\Devices</Filter>
    </ClInclude>
    <ClInclude Include="Mouse.h">
      <Filter>Файлы заголовков\Devices</Filter>
    </ClInclude>
    <ClInclude Include="LightSource.h">
      <Filter>Файлы заголовков\Items</Filter>
    </ClInclude>
    <ClInclude Include="IndexedTriangleList.h">
      <Filter>Файлы заголовков</Filter>
    </ClInclude>
    <ClInclude Include="Bar.h">
      <Filter>Файлы заголовков\Items</Filter>
    </ClInclude>
    <ClInclude Include="DOK_math.h">
      <Filter>Файлы заголовков</Filter>
    </ClInclude>
    <ClInclude Include="Timer.h">
      <Filter>Файлы заголовков</Filter>
    </ClInclude>
    <ClInclude Include="SolidLightenedBall.h">
      <Filter>Файлы заголовков\Items</Filter>
    </ClInclude>
    <ClInclude Include="Cube.h">
      <Filter>Файлы заголовков\Items\Geometries</Filter>
    </ClInclude>
    <ClInclude Include="Sphere.h">
      <Filter>Файлы заголовков\Items\Geometries</Filter>
    </ClInclude>
    <ClInclude Include="LightConstantBuffer.h">
      <Filter>Файлы заголовков\Pipeline</Filter>
    </ClInclude>
    <ClInclude Include="SolidBall.h">
      <Filter>Файлы заголовков\Items</Filter>
    </ClInclude>
    <ClInclude Include="ColorBuffer.h">
      <Filter>Файлы заголовков\Pipeline</Filter>
    </ClInclude>
    <ClInclude Include="Polygon.h">
      <Filter>Файлы заголовков\Items\Geometries</Filter>
    </ClInclude>
    <ClInclude Include="Sheet.h">
      <Filter>Файлы заголовков\Items</Filter>
    </ClInclude>
    <ClInclude Include="DOK_DX11.h">
      <Filter>Файлы заголовков</Filter>
    </ClInclude>
    <ClInclude Include="IColored.h">
      <Filter>Файлы заголовков\Interfaces</Filter>
    </ClInclude>
    <ClInclude Include="IBindable.h">
      <Filter>Файлы заголовков\Interfaces</Filter>
    </ClInclude>
    <ClInclude Include="IToString.h">
      <Filter>Файлы заголовков\Interfaces</Filter>
    </ClInclude>
    <ClInclude Include="StringHelper.h">
      <Filter>Файлы заголовков</Filter>
    </ClInclude>
    <ClInclude Include="ResourseBuffer.h">
      <Filter>Файлы заголовков\Pipeline</Filter>
    </ClInclude>
    <ClInclude Include="GraphicsChild.h">
      <Filter>Файлы заголовков\Pipeline</Filter>
    </ClInclude>
    <ClInclude Include="ScreenSpaceVertexShader.h">
      <Filter>Файлы заголовков\Deffered Rendering</Filter>
    </ClInclude>
    <ClInclude Include="LightPassPixelShader.h">
      <Filter>Файлы заголовков\Deffered Rendering</Filter>
    </ClInclude>
    <ClInclude Include="IResisingWindow.h">
      <Filter>Файлы заголовков\Windows</Filter>
    </ClInclude>
    <ClInclude Include="BaseWindow.h">
      <Filter>Файлы заголовков\Windows</Filter>
    </ClInclude>
    <ClInclude Include="DirectXWindow.h">
      <Filter>Файлы заголовков\Windows</Filter>
    </ClInclude>
    <ClInclude Include="WindowClass.h">
      <Filter>Файлы заголовков\Windows</Filter>
    </ClInclude>
    <ClInclude Include="CombinePixelShader.h">
      <Filter>Файлы заголовков\Deffered Rendering</Filter>
    </ClInclude>
    <ClInclude Include="Camera.h">
      <Filter>Файлы заголовков</Filter>
    </ClInclude>
    <ClInclude Include="PixelShader.h">
      <Filter>Файлы заголовков\Pipeline\Shaders</Filter>
    </ClInclude>
    <ClInclude Include="VertexShader.h">
      <Filter>Файлы заголовков\Pipeline\Shaders</Filter>
    </ClInclude>
    <ClInclude Include="VertexShaderCommon.h">
      <Filter>Файлы заголовков\Pipeline\Shaders</Filter>
    </ClInclude>
    <ClInclude Include="HullShader.h">
      <Filter>Файлы заголовков\Pipeline\Shaders</Filter>
    </ClInclude>
    <ClInclude Include="ComputeShader.h">
      <Filter>Файлы заголовков\Pipeline\Shaders</Filter>
    </ClInclude>
    <ClInclude Include="IShader.h">
      <Filter>Файлы заголовков\Interfaces</Filter>
    </ClInclude>
    <ClInclude Include="PixelShaderCommon.h">
      <Filter>Файлы заголовков\Pipeline\Shaders</Filter>
    </ClInclude>
    <ClInclude Include="Blob.h">
      <Filter>Файлы заголовков\Pipeline</Filter>
    </ClInclude>
    <ClInclude Include="PixelShaderTexture.h">
      <Filter>Файлы заголовков\Pipeline</Filter>
    </ClInclude>
    <ClInclude Include="ITexture.h">
      <Filter>Файлы заголовков\Interfaces</Filter>
    </ClInclude>
    <ClInclude Include="RenderTexture.h">
      <Filter>Файлы заголовков\Pipeline</Filter>
    </ClInclude>
    <ClInclude Include="ISlot.h">
      <Filter>Файлы заголовков\Interfaces</Filter>
    </ClInclude>
    <ClInclude Include="IBlob.h">
      <Filter>Файлы заголовков\Interfaces</Filter>
    </ClInclude>
    <ClInclude Include="IndexedTriangleStrip.h">
      <Filter>Файлы заголовков</Filter>
    </ClInclude>
    <ClInclude Include="IAnimated.h">
      <Filter>Файлы заголовков\Interfaces</Filter>
    </ClInclude>
    <ClInclude Include="IMovable.h">
      <Filter>Файлы заголовков\Interfaces</Filter>
    </ClInclude>
    <ClInclude Include="Interfaces.h">
      <Filter>Файлы заголовков\Interfaces</Filter>
    </ClInclude>
    <ClInclude Include="IScalable.h">
      <Filter>Файлы заголовков\Interfaces</Filter>
    </ClInclude>
    <ClInclude Include="IObject.h">
      <Filter>Файлы заголовков\Interfaces</Filter>
    </ClInclude>
  </ItemGroup>
  <ItemGroup>
    <None Include="game.config">
      <Filter>Файлы ресурсов</Filter>
    </None>
  </ItemGroup>
</Project>